{
  "version": 4,
  "terraform_version": "0.12.17",
  "serial": 2,
  "lineage": "dc6843d6-5727-ef84-b56d-a32d79bf2379",
  "outputs": {},
  "resources": [
    {
      "module": "module.k3s-cluster",
      "mode": "managed",
      "type": "proxmox_vm_qemu",
      "name": "generic-vm",
      "each": "list",
      "provider": "provider.proxmox",
      "instances": [
        {
          "index_key": 0,
          "status": "tainted",
          "schema_version": 0,
          "attributes": {
            "agent": 1,
            "boot": "cdn",
            "bootdisk": "scsi0",
            "bridge": null,
            "ci_wait": null,
            "cipassword": null,
            "ciuser": null,
            "clone": "disco-server-cloudimg-amd64",
            "clone_wait": 15,
            "cores": 4,
            "cpu": "host",
            "desc": "generic terraform-created vm",
            "disk": [
              {
                "backup": false,
                "cache": "none",
                "format": "raw",
                "id": 0,
                "iothread": false,
                "replicate": false,
                "size": "64G",
                "storage": "pve_rbd",
                "storage_type": "raw",
                "type": "scsi"
              }
            ],
            "disk_gb": null,
            "force_create": false,
            "full_clone": true,
            "hastate": null,
            "hotplug": "network,disk,usb",
            "id": "pve-01.holthome.net/qemu/101",
            "ipconfig0": "ip=dhcp",
            "ipconfig1": null,
            "ipconfig2": null,
            "iso": null,
            "mac": null,
            "memory": 8192,
            "name": "k3s-0",
            "nameserver": null,
            "network": [
              {
                "bridge": "vmbr0",
                "firewall": false,
                "id": 0,
                "link_down": false,
                "macaddr": "DA:42:E5:28:86:7C",
                "model": "virtio",
                "queues": -1,
                "rate": -1,
                "tag": 20
              }
            ],
            "nic": null,
            "numa": false,
            "onboot": true,
            "os_network_config": null,
            "os_type": "cloud-init",
            "pool": null,
            "preprovision": true,
            "qemu_os": null,
            "scsihw": "virtio-scsi-pci",
            "searchdomain": null,
            "serial": [],
            "sockets": 1,
            "ssh_forward_ip": null,
            "ssh_host": null,
            "ssh_port": null,
            "ssh_private_key": null,
            "ssh_user": "ubuntu",
            "sshkeys": "ssh-rsa AAAAB3NzaC1yc2EAAAADAQABAAABAQCeHXfsp4E0Wz2yY0oD5TcAVL35B9H36Vt64e3xIoSMg8K9IykmBJgbo6GizQEWyOx8SZOVAidRmHmtbZAKvaKovN45YKii7BjUOO/dWB3ELvt9o0ExCibzFReeajKaiIDOmjXeKFf4i8f01fFFC9a/SfM+jJK+8Ukd4LWrE8kgJriR/iR1P/fed01kmVF6+JzjmTC2mDcva8zkDCS21zssQG5Vap1U1yYa7UzZSlVHYJIlL29y/l3M9Wl/ABeT/iX4kWDIesvKFmhyeCehi6UBFtWzfQ216loCopXUGPUlTT0YidUEKkk5Zs1mz5kMhv21C48ATs3bkFnEAV2TF5ff ryan@RyMac.local\n",
            "storage": null,
            "storage_type": null,
            "target_node": "pve-01.holthome.net",
            "vcpus": 0,
            "vlan": -1
          },
          "private": "bnVsbA=="
        },
        {
          "index_key": 1,
          "status": "tainted",
          "schema_version": 0,
          "attributes": {
            "agent": 1,
            "boot": "cdn",
            "bootdisk": "scsi0",
            "bridge": null,
            "ci_wait": null,
            "cipassword": null,
            "ciuser": null,
            "clone": "disco-server-cloudimg-amd64",
            "clone_wait": 15,
            "cores": 4,
            "cpu": "host",
            "desc": "generic terraform-created vm",
            "disk": [
              {
                "backup": false,
                "cache": "none",
                "format": "raw",
                "id": 0,
                "iothread": false,
                "replicate": false,
                "size": "64G",
                "storage": "pve_rbd",
                "storage_type": "raw",
                "type": "scsi"
              }
            ],
            "disk_gb": null,
            "force_create": false,
            "full_clone": true,
            "hastate": null,
            "hotplug": "network,disk,usb",
            "id": "pve-02.holthome.net/qemu/102",
            "ipconfig0": "ip=dhcp",
            "ipconfig1": null,
            "ipconfig2": null,
            "iso": null,
            "mac": null,
            "memory": 8192,
            "name": "k3s-1",
            "nameserver": null,
            "network": [
              {
                "bridge": "vmbr0",
                "firewall": false,
                "id": 0,
                "link_down": false,
                "macaddr": "BA:5B:64:97:59:8F",
                "model": "virtio",
                "queues": -1,
                "rate": -1,
                "tag": 20
              }
            ],
            "nic": null,
            "numa": false,
            "onboot": true,
            "os_network_config": null,
            "os_type": "cloud-init",
            "pool": null,
            "preprovision": true,
            "qemu_os": null,
            "scsihw": "virtio-scsi-pci",
            "searchdomain": null,
            "serial": [],
            "sockets": 1,
            "ssh_forward_ip": null,
            "ssh_host": null,
            "ssh_port": null,
            "ssh_private_key": null,
            "ssh_user": "ubuntu",
            "sshkeys": "ssh-rsa AAAAB3NzaC1yc2EAAAADAQABAAABAQCeHXfsp4E0Wz2yY0oD5TcAVL35B9H36Vt64e3xIoSMg8K9IykmBJgbo6GizQEWyOx8SZOVAidRmHmtbZAKvaKovN45YKii7BjUOO/dWB3ELvt9o0ExCibzFReeajKaiIDOmjXeKFf4i8f01fFFC9a/SfM+jJK+8Ukd4LWrE8kgJriR/iR1P/fed01kmVF6+JzjmTC2mDcva8zkDCS21zssQG5Vap1U1yYa7UzZSlVHYJIlL29y/l3M9Wl/ABeT/iX4kWDIesvKFmhyeCehi6UBFtWzfQ216loCopXUGPUlTT0YidUEKkk5Zs1mz5kMhv21C48ATs3bkFnEAV2TF5ff ryan@RyMac.local\n",
            "storage": null,
            "storage_type": null,
            "target_node": "pve-02.holthome.net",
            "vcpus": 0,
            "vlan": -1
          },
          "private": "bnVsbA=="
        },
        {
          "index_key": 2,
          "status": "tainted",
          "schema_version": 0,
          "attributes": {
            "agent": 1,
            "boot": "cdn",
            "bootdisk": "scsi0",
            "bridge": null,
            "ci_wait": null,
            "cipassword": null,
            "ciuser": null,
            "clone": "disco-server-cloudimg-amd64",
            "clone_wait": 15,
            "cores": 4,
            "cpu": "host",
            "desc": "generic terraform-created vm",
            "disk": [
              {
                "backup": false,
                "cache": "none",
                "format": "raw",
                "id": 0,
                "iothread": false,
                "replicate": false,
                "size": "64G",
                "storage": "pve_rbd",
                "storage_type": "raw",
                "type": "scsi"
              }
            ],
            "disk_gb": null,
            "force_create": false,
            "full_clone": true,
            "hastate": null,
            "hotplug": "network,disk,usb",
            "id": "pve-03.holthome.net/qemu/103",
            "ipconfig0": "ip=dhcp",
            "ipconfig1": null,
            "ipconfig2": null,
            "iso": null,
            "mac": null,
            "memory": 8192,
            "name": "k3s-2",
            "nameserver": null,
            "network": [
              {
                "bridge": "vmbr0",
                "firewall": false,
                "id": 0,
                "link_down": false,
                "macaddr": "52:7F:22:E5:1F:1F",
                "model": "virtio",
                "queues": -1,
                "rate": -1,
                "tag": 20
              }
            ],
            "nic": null,
            "numa": false,
            "onboot": true,
            "os_network_config": null,
            "os_type": "cloud-init",
            "pool": null,
            "preprovision": true,
            "qemu_os": null,
            "scsihw": "virtio-scsi-pci",
            "searchdomain": null,
            "serial": [],
            "sockets": 1,
            "ssh_forward_ip": null,
            "ssh_host": null,
            "ssh_port": null,
            "ssh_private_key": null,
            "ssh_user": "ubuntu",
            "sshkeys": "ssh-rsa AAAAB3NzaC1yc2EAAAADAQABAAABAQCeHXfsp4E0Wz2yY0oD5TcAVL35B9H36Vt64e3xIoSMg8K9IykmBJgbo6GizQEWyOx8SZOVAidRmHmtbZAKvaKovN45YKii7BjUOO/dWB3ELvt9o0ExCibzFReeajKaiIDOmjXeKFf4i8f01fFFC9a/SfM+jJK+8Ukd4LWrE8kgJriR/iR1P/fed01kmVF6+JzjmTC2mDcva8zkDCS21zssQG5Vap1U1yYa7UzZSlVHYJIlL29y/l3M9Wl/ABeT/iX4kWDIesvKFmhyeCehi6UBFtWzfQ216loCopXUGPUlTT0YidUEKkk5Zs1mz5kMhv21C48ATs3bkFnEAV2TF5ff ryan@RyMac.local\n",
            "storage": null,
            "storage_type": null,
            "target_node": "pve-03.holthome.net",
            "vcpus": 0,
            "vlan": -1
          },
          "private": "bnVsbA=="
        }
      ]
    }
  ]
}
