dependencies:
- name: common
  repository: https://library-charts.k8s-at-home.com
  version: 4.0.1
- name: postgresql
  repository: https://charts.bitnami.com/bitnami
  version: 10.12.9
digest: sha256:52aae123971196ef0175f347cb51d8b73ec2857fbf1fd8556f1c8ffe85be9e2c
generated: "2021-10-28T11:07:31.559418362Z"
