dependencies:
- name: common
  repository: https://library-charts.k8s-at-home.com
  version: 4.1.0
- name: postgresql
  repository: https://charts.bitnami.com/bitnami
  version: 10.13.9
digest: sha256:36f44413cba8ad5ec86ed462c4d7b25c241c57a67039b8f8dfe6f488df53230d
generated: "2021-11-29T16:01:55.072545049Z"
